
Microsoft Visual Studio Solution File, Format Version 12.00
# Visual Studio Version 16
VisualStudioVersion = 16.0.32510.428
MinimumVisualStudioVersion = 10.0.40219.1
Project("{8BC9CEB8-8B4A-11D0-8D11-00A0C91BC942}") = "datchat", "datchat\datchat.vcxproj", "{71DB3629-9944-4E6F-9AAF-5A39BF022F3C}"
EndProject
Global
	GlobalSection(SolutionConfigurationPlatforms) = preSolution
		Debug|x64 = Debug|x64
		Release|x64 = Release|x64
	EndGlobalSection
	GlobalSection(ProjectConfigurationPlatforms) = postSolution
		{71DB3629-9944-4E6F-9AAF-5A39BF022F3C}.Debug|x64.ActiveCfg = Debug|x64
		{71DB3629-9944-4E6F-9AAF-5A39BF022F3C}.Debug|x64.Build.0 = Debug|x64
		{71DB3629-9944-4E6F-9AAF-5A39BF022F3C}.Release|x64.ActiveCfg = Release|x64
		{71DB3629-9944-4E6F-9AAF-5A39BF022F3C}.Release|x64.Build.0 = Release|x64
	EndGlobalSection
	GlobalSection(SolutionProperties) = preSolution
		HideSolutionNode = FALSE
	EndGlobalSection
	GlobalSection(ExtensibilityGlobals) = postSolution
		SolutionGuid = {AE21F242-A559-4C3A-B357-1EFC47B6AB05}
	EndGlobalSection
EndGlobal
